// !$*UTF8*$!
{
	archiveVersion = 1;
	classes = {
	};
	objectVersion = 56;
	objects = {

/* Begin PBXBuildFile section */
		AB05A597296B238400CD7AAA /* AppDelegate.m in Sources */ = {isa = PBXBuildFile; fileRef = AB05A596296B238400CD7AAA /* AppDelegate.m */; };
		AB05A59A296B238400CD7AAA /* SceneDelegate.m in Sources */ = {isa = PBXBuildFile; fileRef = AB05A599296B238400CD7AAA /* SceneDelegate.m */; };
		AB05A59D296B238400CD7AAA /* ViewController.m in Sources */ = {isa = PBXBuildFile; fileRef = AB05A59C296B238400CD7AAA /* ViewController.m */; };
		AB05A5A0296B238400CD7AAA /* Main.storyboard in Resources */ = {isa = PBXBuildFile; fileRef = AB05A59E296B238400CD7AAA /* Main.storyboard */; };
		AB05A5A2296B238700CD7AAA /* Assets.xcassets in Resources */ = {isa = PBXBuildFile; fileRef = AB05A5A1296B238700CD7AAA /* Assets.xcassets */; };
		AB05A5A5296B238700CD7AAA /* LaunchScreen.storyboard in Resources */ = {isa = PBXBuildFile; fileRef = AB05A5A3296B238700CD7AAA /* LaunchScreen.storyboard */; };
		AB05A5A8296B238700CD7AAA /* main.m in Sources */ = {isa = PBXBuildFile; fileRef = AB05A5A7296B238700CD7AAA /* main.m */; };
		AB05A5B2296B238700CD7AAA /* CalculatorTests.m in Sources */ = {isa = PBXBuildFile; fileRef = AB05A5B1296B238700CD7AAA /* CalculatorTests.m */; };
		AB05A5BC296B238700CD7AAA /* CalculatorUITests.m in Sources */ = {isa = PBXBuildFile; fileRef = AB05A5BB296B238700CD7AAA /* CalculatorUITests.m */; };
		AB05A5BE296B238700CD7AAA /* CalculatorUITestsLaunchTests.m in Sources */ = {isa = PBXBuildFile; fileRef = AB05A5BD296B238700CD7AAA /* CalculatorUITestsLaunchTests.m */; };
/* End PBXBuildFile section */

/* Begin PBXContainerItemProxy section */
		AB05A5AE296B238700CD7AAA /* PBXContainerItemProxy */ = {
			isa = PBXContainerItemProxy;
			containerPortal = AB05A58A296B238400CD7AAA /* Project object */;
			proxyType = 1;
			remoteGlobalIDString = AB05A591296B238400CD7AAA;
			remoteInfo = Calculator;
		};
		AB05A5B8296B238700CD7AAA /* PBXContainerItemProxy */ = {
			isa = PBXContainerItemProxy;
			containerPortal = AB05A58A296B238400CD7AAA /* Project object */;
			proxyType = 1;
			remoteGlobalIDString = AB05A591296B238400CD7AAA;
			remoteInfo = Calculator;
		};
/* End PBXContainerItemProxy section */

/* Begin PBXFileReference section */
		AB05A592296B238400CD7AAA /* Calculator.app */ = {isa = PBXFileReference; explicitFileType = wrapper.application; includeInIndex = 0; path = Calculator.app; sourceTree = BUILT_PRODUCTS_DIR; };
		AB05A595296B238400CD7AAA /* AppDelegate.h */ = {isa = PBXFileReference; lastKnownFileType = sourcecode.c.h; path = AppDelegate.h; sourceTree = "<group>"; };
		AB05A596296B238400CD7AAA /* AppDelegate.m */ = {isa = PBXFileReference; lastKnownFileType = sourcecode.c.objc; path = AppDelegate.m; sourceTree = "<group>"; };
		AB05A598296B238400CD7AAA /* SceneDelegate.h */ = {isa = PBXFileReference; lastKnownFileType = sourcecode.c.h; path = SceneDelegate.h; sourceTree = "<group>"; };
		AB05A599296B238400CD7AAA /* SceneDelegate.m */ = {isa = PBXFileReference; lastKnownFileType = sourcecode.c.objc; path = SceneDelegate.m; sourceTree = "<group>"; };
		AB05A59B296B238400CD7AAA /* ViewController.h */ = {isa = PBXFileReference; lastKnownFileType = sourcecode.c.h; path = ViewController.h; sourceTree = "<group>"; };
		AB05A59C296B238400CD7AAA /* ViewController.m */ = {isa = PBXFileReference; lastKnownFileType = sourcecode.c.objc; path = ViewController.m; sourceTree = "<group>"; };
		AB05A59F296B238400CD7AAA /* Base */ = {isa = PBXFileReference; lastKnownFileType = file.storyboard; name = Base; path = Base.lproj/Main.storyboard; sourceTree = "<group>"; };
		AB05A5A1296B238700CD7AAA /* Assets.xcassets */ = {isa = PBXFileReference; lastKnownFileType = folder.assetcatalog; path = Assets.xcassets; sourceTree = "<group>"; };
		AB05A5A4296B238700CD7AAA /* Base */ = {isa = PBXFileReference; lastKnownFileType = file.storyboard; name = Base; path = Base.lproj/LaunchScreen.storyboard; sourceTree = "<group>"; };
		AB05A5A6296B238700CD7AAA /* Info.plist */ = {isa = PBXFileReference; lastKnownFileType = text.plist.xml; path = Info.plist; sourceTree = "<group>"; };
		AB05A5A7296B238700CD7AAA /* main.m */ = {isa = PBXFileReference; lastKnownFileType = sourcecode.c.objc; path = main.m; sourceTree = "<group>"; };
		AB05A5AD296B238700CD7AAA /* CalculatorTests.xctest */ = {isa = PBXFileReference; explicitFileType = wrapper.cfbundle; includeInIndex = 0; path = CalculatorTests.xctest; sourceTree = BUILT_PRODUCTS_DIR; };
		AB05A5B1296B238700CD7AAA /* CalculatorTests.m */ = {isa = PBXFileReference; lastKnownFileType = sourcecode.c.objc; path = CalculatorTests.m; sourceTree = "<group>"; };
		AB05A5B7296B238700CD7AAA /* CalculatorUITests.xctest */ = {isa = PBXFileReference; explicitFileType = wrapper.cfbundle; includeInIndex = 0; path = CalculatorUITests.xctest; sourceTree = BUILT_PRODUCTS_DIR; };
		AB05A5BB296B238700CD7AAA /* CalculatorUITests.m */ = {isa = PBXFileReference; lastKnownFileType = sourcecode.c.objc; path = CalculatorUITests.m; sourceTree = "<group>"; };
		AB05A5BD296B238700CD7AAA /* CalculatorUITestsLaunchTests.m */ = {isa = PBXFileReference; lastKnownFileType = sourcecode.c.objc; path = CalculatorUITestsLaunchTests.m; sourceTree = "<group>"; };
/* End PBXFileReference section */

/* Begin PBXFrameworksBuildPhase section */
		AB05A58F296B238400CD7AAA /* Frameworks */ = {
			isa = PBXFrameworksBuildPhase;
			buildActionMask = 2147483647;
			files = (
			);
			runOnlyForDeploymentPostprocessing = 0;
		};
		AB05A5AA296B238700CD7AAA /* Frameworks */ = {
			isa = PBXFrameworksBuildPhase;
			buildActionMask = 2147483647;
			files = (
			);
			runOnlyForDeploymentPostprocessing = 0;
		};
		AB05A5B4296B238700CD7AAA /* Frameworks */ = {
			isa = PBXFrameworksBuildPhase;
			buildActionMask = 2147483647;
			files = (
			);
			runOnlyForDeploymentPostprocessing = 0;
		};
/* End PBXFrameworksBuildPhase section */

/* Begin PBXGroup section */
		AB05A589296B238400CD7AAA = {
			isa = PBXGroup;
			children = (
				AB05A594296B238400CD7AAA /* Calculator */,
				AB05A5B0296B238700CD7AAA /* CalculatorTests */,
				AB05A5BA296B238700CD7AAA /* CalculatorUITests */,
				AB05A593296B238400CD7AAA /* Products */,
			);
			sourceTree = "<group>";
		};
		AB05A593296B238400CD7AAA /* Products */ = {
			isa = PBXGroup;
			children = (
				AB05A592296B238400CD7AAA /* Calculator.app */,
				AB05A5AD296B238700CD7AAA /* CalculatorTests.xctest */,
				AB05A5B7296B238700CD7AAA /* CalculatorUITests.xctest */,
			);
			name = Products;
			sourceTree = "<group>";
		};
		AB05A594296B238400CD7AAA /* Calculator */ = {
			isa = PBXGroup;
			children = (
				AB05A595296B238400CD7AAA /* AppDelegate.h */,
				AB05A596296B238400CD7AAA /* AppDelegate.m */,
				AB05A598296B238400CD7AAA /* SceneDelegate.h */,
				AB05A599296B238400CD7AAA /* SceneDelegate.m */,
				AB05A59B296B238400CD7AAA /* ViewController.h */,
				AB05A59C296B238400CD7AAA /* ViewController.m */,
				AB05A59E296B238400CD7AAA /* Main.storyboard */,
				AB05A5A1296B238700CD7AAA /* Assets.xcassets */,
				AB05A5A3296B238700CD7AAA /* LaunchScreen.storyboard */,
				AB05A5A6296B238700CD7AAA /* Info.plist */,
				AB05A5A7296B238700CD7AAA /* main.m */,
			);
			path = Calculator;
			sourceTree = "<group>";
		};
		AB05A5B0296B238700CD7AAA /* CalculatorTests */ = {
			isa = PBXGroup;
			children = (
				AB05A5B1296B238700CD7AAA /* CalculatorTests.m */,
			);
			path = CalculatorTests;
			sourceTree = "<group>";
		};
		AB05A5BA296B238700CD7AAA /* CalculatorUITests */ = {
			isa = PBXGroup;
			children = (
				AB05A5BB296B238700CD7AAA /* CalculatorUITests.m */,
				AB05A5BD296B238700CD7AAA /* CalculatorUITestsLaunchTests.m */,
			);
			path = CalculatorUITests;
			sourceTree = "<group>";
		};
/* End PBXGroup section */

/* Begin PBXNativeTarget section */
		AB05A591296B238400CD7AAA /* Calculator */ = {
			isa = PBXNativeTarget;
			buildConfigurationList = AB05A5C1296B238700CD7AAA /* Build configuration list for PBXNativeTarget "Calculator" */;
			buildPhases = (
				AB05A58E296B238400CD7AAA /* Sources */,
				AB05A58F296B238400CD7AAA /* Frameworks */,
				AB05A590296B238400CD7AAA /* Resources */,
			);
			buildRules = (
			);
			dependencies = (
			);
			name = Calculator;
			productName = Calculator;
			productReference = AB05A592296B238400CD7AAA /* Calculator.app */;
			productType = "com.apple.product-type.application";
		};
		AB05A5AC296B238700CD7AAA /* CalculatorTests */ = {
			isa = PBXNativeTarget;
			buildConfigurationList = AB05A5C4296B238700CD7AAA /* Build configuration list for PBXNativeTarget "CalculatorTests" */;
			buildPhases = (
				AB05A5A9296B238700CD7AAA /* Sources */,
				AB05A5AA296B238700CD7AAA /* Frameworks */,
				AB05A5AB296B238700CD7AAA /* Resources */,
			);
			buildRules = (
			);
			dependencies = (
				AB05A5AF296B238700CD7AAA /* PBXTargetDependency */,
			);
			name = CalculatorTests;
			productName = CalculatorTests;
			productReference = AB05A5AD296B238700CD7AAA /* CalculatorTests.xctest */;
			productType = "com.apple.product-type.bundle.unit-test";
		};
		AB05A5B6296B238700CD7AAA /* CalculatorUITests */ = {
			isa = PBXNativeTarget;
			buildConfigurationList = AB05A5C7296B238700CD7AAA /* Build configuration list for PBXNativeTarget "CalculatorUITests" */;
			buildPhases = (
				AB05A5B3296B238700CD7AAA /* Sources */,
				AB05A5B4296B238700CD7AAA /* Frameworks */,
				AB05A5B5296B238700CD7AAA /* Resources */,
			);
			buildRules = (
			);
			dependencies = (
				AB05A5B9296B238700CD7AAA /* PBXTargetDependency */,
			);
			name = CalculatorUITests;
			productName = CalculatorUITests;
			productReference = AB05A5B7296B238700CD7AAA /* CalculatorUITests.xctest */;
			productType = "com.apple.product-type.bundle.ui-testing";
		};
/* End PBXNativeTarget section */

/* Begin PBXProject section */
		AB05A58A296B238400CD7AAA /* Project object */ = {
			isa = PBXProject;
			attributes = {
				BuildIndependentTargetsInParallel = 1;
				KnownAssetTags = (
					1,
					2,
				);
				LastUpgradeCheck = 1420;
				TargetAttributes = {
					AB05A591296B238400CD7AAA = {
						CreatedOnToolsVersion = 14.2;
					};
					AB05A5AC296B238700CD7AAA = {
						CreatedOnToolsVersion = 14.2;
						TestTargetID = AB05A591296B238400CD7AAA;
					};
					AB05A5B6296B238700CD7AAA = {
						CreatedOnToolsVersion = 14.2;
						TestTargetID = AB05A591296B238400CD7AAA;
					};
				};
			};
			buildConfigurationList = AB05A58D296B238400CD7AAA /* Build configuration list for PBXProject "Calculator" */;
			compatibilityVersion = "Xcode 14.0";
			developmentRegion = en;
			hasScannedForEncodings = 0;
			knownRegions = (
				en,
				Base,
			);
			mainGroup = AB05A589296B238400CD7AAA;
			productRefGroup = AB05A593296B238400CD7AAA /* Products */;
			projectDirPath = "";
			projectRoot = "";
			targets = (
				AB05A591296B238400CD7AAA /* Calculator */,
				AB05A5AC296B238700CD7AAA /* CalculatorTests */,
				AB05A5B6296B238700CD7AAA /* CalculatorUITests */,
			);
		};
/* End PBXProject section */

/* Begin PBXResourcesBuildPhase section */
		AB05A590296B238400CD7AAA /* Resources */ = {
			isa = PBXResourcesBuildPhase;
			buildActionMask = 2147483647;
			files = (
				AB05A5A5296B238700CD7AAA /* LaunchScreen.storyboard in Resources */,
				AB05A5A2296B238700CD7AAA /* Assets.xcassets in Resources */,
				AB05A5A0296B238400CD7AAA /* Main.storyboard in Resources */,
			);
			runOnlyForDeploymentPostprocessing = 0;
		};
		AB05A5AB296B238700CD7AAA /* Resources */ = {
			isa = PBXResourcesBuildPhase;
			buildActionMask = 2147483647;
			files = (
			);
			runOnlyForDeploymentPostprocessing = 0;
		};
		AB05A5B5296B238700CD7AAA /* Resources */ = {
			isa = PBXResourcesBuildPhase;
			buildActionMask = 2147483647;
			files = (
			);
			runOnlyForDeploymentPostprocessing = 0;
		};
/* End PBXResourcesBuildPhase section */

/* Begin PBXSourcesBuildPhase section */
		AB05A58E296B238400CD7AAA /* Sources */ = {
			isa = PBXSourcesBuildPhase;
			buildActionMask = 2147483647;
			files = (
				AB05A59D296B238400CD7AAA /* ViewController.m in Sources */,
				AB05A597296B238400CD7AAA /* AppDelegate.m in Sources */,
				AB05A5A8296B238700CD7AAA /* main.m in Sources */,
				AB05A59A296B238400CD7AAA /* SceneDelegate.m in Sources */,
			);
			runOnlyForDeploymentPostprocessing = 0;
		};
		AB05A5A9296B238700CD7AAA /* Sources */ = {
			isa = PBXSourcesBuildPhase;
			buildActionMask = 2147483647;
			files = (
				AB05A5B2296B238700CD7AAA /* CalculatorTests.m in Sources */,
			);
			runOnlyForDeploymentPostprocessing = 0;
		};
		AB05A5B3296B238700CD7AAA /* Sources */ = {
			isa = PBXSourcesBuildPhase;
			buildActionMask = 2147483647;
			files = (
				AB05A5BE296B238700CD7AAA /* CalculatorUITestsLaunchTests.m in Sources */,
				AB05A5BC296B238700CD7AAA /* CalculatorUITests.m in Sources */,
			);
			runOnlyForDeploymentPostprocessing = 0;
		};
/* End PBXSourcesBuildPhase section */

/* Begin PBXTargetDependency section */
		AB05A5AF296B238700CD7AAA /* PBXTargetDependency */ = {
			isa = PBXTargetDependency;
			target = AB05A591296B238400CD7AAA /* Calculator */;
			targetProxy = AB05A5AE296B238700CD7AAA /* PBXContainerItemProxy */;
		};
		AB05A5B9296B238700CD7AAA /* PBXTargetDependency */ = {
			isa = PBXTargetDependency;
			target = AB05A591296B238400CD7AAA /* Calculator */;
			targetProxy = AB05A5B8296B238700CD7AAA /* PBXContainerItemProxy */;
		};
/* End PBXTargetDependency section */

/* Begin PBXVariantGroup section */
		AB05A59E296B238400CD7AAA /* Main.storyboard */ = {
			isa = PBXVariantGroup;
			children = (
				AB05A59F296B238400CD7AAA /* Base */,
			);
			name = Main.storyboard;
			sourceTree = "<group>";
		};
		AB05A5A3296B238700CD7AAA /* LaunchScreen.storyboard */ = {
			isa = PBXVariantGroup;
			children = (
				AB05A5A4296B238700CD7AAA /* Base */,
			);
			name = LaunchScreen.storyboard;
			sourceTree = "<group>";
		};
/* End PBXVariantGroup section */

/* Begin XCBuildConfiguration section */
		AB05A5BF296B238700CD7AAA /* Debug */ = {
			isa = XCBuildConfiguration;
			buildSettings = {
				ALWAYS_SEARCH_USER_PATHS = NO;
				CLANG_ANALYZER_NONNULL = YES;
				CLANG_ANALYZER_NUMBER_OBJECT_CONVERSION = YES_AGGRESSIVE;
				CLANG_CXX_LANGUAGE_STANDARD = "gnu++20";
				CLANG_ENABLE_MODULES = YES;
				CLANG_ENABLE_OBJC_ARC = YES;
				CLANG_ENABLE_OBJC_WEAK = YES;
				CLANG_WARN_BLOCK_CAPTURE_AUTORELEASING = YES;
				CLANG_WARN_BOOL_CONVERSION = YES;
				CLANG_WARN_COMMA = YES;
				CLANG_WARN_CONSTANT_CONVERSION = YES;
				CLANG_WARN_DEPRECATED_OBJC_IMPLEMENTATIONS = YES;
				CLANG_WARN_DIRECT_OBJC_ISA_USAGE = YES_ERROR;
				CLANG_WARN_DOCUMENTATION_COMMENTS = YES;
				CLANG_WARN_EMPTY_BODY = YES;
				CLANG_WARN_ENUM_CONVERSION = YES;
				CLANG_WARN_INFINITE_RECURSION = YES;
				CLANG_WARN_INT_CONVERSION = YES;
				CLANG_WARN_NON_LITERAL_NULL_CONVERSION = YES;
				CLANG_WARN_OBJC_IMPLICIT_RETAIN_SELF = YES;
				CLANG_WARN_OBJC_LITERAL_CONVERSION = YES;
				CLANG_WARN_OBJC_ROOT_CLASS = YES_ERROR;
				CLANG_WARN_QUOTED_INCLUDE_IN_FRAMEWORK_HEADER = YES;
				CLANG_WARN_RANGE_LOOP_ANALYSIS = YES;
				CLANG_WARN_STRICT_PROTOTYPES = YES;
				CLANG_WARN_SUSPICIOUS_MOVE = YES;
				CLANG_WARN_UNGUARDED_AVAILABILITY = YES_AGGRESSIVE;
				CLANG_WARN_UNREACHABLE_CODE = YES;
				CLANG_WARN__DUPLICATE_METHOD_MATCH = YES;
				COPY_PHASE_STRIP = NO;
				DEBUG_INFORMATION_FORMAT = dwarf;
				ENABLE_STRICT_OBJC_MSGSEND = YES;
				ENABLE_TESTABILITY = YES;
				GCC_C_LANGUAGE_STANDARD = gnu11;
				GCC_DYNAMIC_NO_PIC = NO;
				GCC_NO_COMMON_BLOCKS = YES;
				GCC_OPTIMIZATION_LEVEL = 0;
				GCC_PREPROCESSOR_DEFINITIONS = (
					"DEBUG=1",
					"$(inherited)",
				);
				GCC_WARN_64_TO_32_BIT_CONVERSION = YES;
				GCC_WARN_ABOUT_RETURN_TYPE = YES_ERROR;
				GCC_WARN_UNDECLARED_SELECTOR = YES;
				GCC_WARN_UNINITIALIZED_AUTOS = YES_AGGRESSIVE;
				GCC_WARN_UNUSED_FUNCTION = YES;
				GCC_WARN_UNUSED_VARIABLE = YES;
				IPHONEOS_DEPLOYMENT_TARGET = 16.2;
				MTL_ENABLE_DEBUG_INFO = INCLUDE_SOURCE;
				MTL_FAST_MATH = YES;
				ONLY_ACTIVE_ARCH = YES;
				SDKROOT = iphoneos;
			};
			name = Debug;
		};
		AB05A5C0296B238700CD7AAA /* Release */ = {
			isa = XCBuildConfiguration;
			buildSettings = {
				ALWAYS_SEARCH_USER_PATHS = NO;
				CLANG_ANALYZER_NONNULL = YES;
				CLANG_ANALYZER_NUMBER_OBJECT_CONVERSION = YES_AGGRESSIVE;
				CLANG_CXX_LANGUAGE_STANDARD = "gnu++20";
				CLANG_ENABLE_MODULES = YES;
				CLANG_ENABLE_OBJC_ARC = YES;
				CLANG_ENABLE_OBJC_WEAK = YES;
				CLANG_WARN_BLOCK_CAPTURE_AUTORELEASING = YES;
				CLANG_WARN_BOOL_CONVERSION = YES;
				CLANG_WARN_COMMA = YES;
				CLANG_WARN_CONSTANT_CONVERSION = YES;
				CLANG_WARN_DEPRECATED_OBJC_IMPLEMENTATIONS = YES;
				CLANG_WARN_DIRECT_OBJC_ISA_USAGE = YES_ERROR;
				CLANG_WARN_DOCUMENTATION_COMMENTS = YES;
				CLANG_WARN_EMPTY_BODY = YES;
				CLANG_WARN_ENUM_CONVERSION = YES;
				CLANG_WARN_INFINITE_RECURSION = YES;
				CLANG_WARN_INT_CONVERSION = YES;
				CLANG_WARN_NON_LITERAL_NULL_CONVERSION = YES;
				CLANG_WARN_OBJC_IMPLICIT_RETAIN_SELF = YES;
				CLANG_WARN_OBJC_LITERAL_CONVERSION = YES;
				CLANG_WARN_OBJC_ROOT_CLASS = YES_ERROR;
				CLANG_WARN_QUOTED_INCLUDE_IN_FRAMEWORK_HEADER = YES;
				CLANG_WARN_RANGE_LOOP_ANALYSIS = YES;
				CLANG_WARN_STRICT_PROTOTYPES = YES;
				CLANG_WARN_SUSPICIOUS_MOVE = YES;
				CLANG_WARN_UNGUARDED_AVAILABILITY = YES_AGGRESSIVE;
				CLANG_WARN_UNREACHABLE_CODE = YES;
				CLANG_WARN__DUPLICATE_METHOD_MATCH = YES;
				COPY_PHASE_STRIP = NO;
				DEBUG_INFORMATION_FORMAT = "dwarf-with-dsym";
				ENABLE_NS_ASSERTIONS = NO;
				ENABLE_STRICT_OBJC_MSGSEND = YES;
				GCC_C_LANGUAGE_STANDARD = gnu11;
				GCC_NO_COMMON_BLOCKS = YES;
				GCC_WARN_64_TO_32_BIT_CONVERSION = YES;
				GCC_WARN_ABOUT_RETURN_TYPE = YES_ERROR;
				GCC_WARN_UNDECLARED_SELECTOR = YES;
				GCC_WARN_UNINITIALIZED_AUTOS = YES_AGGRESSIVE;
				GCC_WARN_UNUSED_FUNCTION = YES;
				GCC_WARN_UNUSED_VARIABLE = YES;
				IPHONEOS_DEPLOYMENT_TARGET = 16.2;
				MTL_ENABLE_DEBUG_INFO = NO;
				MTL_FAST_MATH = YES;
				SDKROOT = iphoneos;
				VALIDATE_PRODUCT = YES;
			};
			name = Release;
		};
		AB05A5C2296B238700CD7AAA /* Debug */ = {
			isa = XCBuildConfiguration;
			buildSettings = {
				ASSETCATALOG_COMPILER_APPICON_NAME = AppIcon;
				ASSETCATALOG_COMPILER_GLOBAL_ACCENT_COLOR_NAME = AccentColor;
				CODE_SIGN_STYLE = Automatic;
				CURRENT_PROJECT_VERSION = 1;
				DEVELOPMENT_TEAM = MWZJ3A6CNJ;
				GENERATE_INFOPLIST_FILE = YES;
				INFOPLIST_FILE = Calculator/Info.plist;
				INFOPLIST_KEY_UIApplicationSupportsIndirectInputEvents = YES;
				INFOPLIST_KEY_UILaunchStoryboardName = LaunchScreen;
				INFOPLIST_KEY_UIMainStoryboardFile = Main;
				INFOPLIST_KEY_UISupportedInterfaceOrientations_iPad = "UIInterfaceOrientationPortrait UIInterfaceOrientationPortraitUpsideDown UIInterfaceOrientationLandscapeLeft UIInterfaceOrientationLandscapeRight";
				INFOPLIST_KEY_UISupportedInterfaceOrientations_iPhone = "UIInterfaceOrientationPortrait UIInterfaceOrientationLandscapeLeft UIInterfaceOrientationLandscapeRight";
				LD_RUNPATH_SEARCH_PATHS = (
					"$(inherited)",
					"@executable_path/Frameworks",
				);
				MARKETING_VERSION = 1.0;
				PRODUCT_BUNDLE_IDENTIFIER = ITI.Calculator;
				PRODUCT_NAME = "$(TARGET_NAME)";
				SWIFT_EMIT_LOC_STRINGS = YES;
				TARGETED_DEVICE_FAMILY = "1,2";
			};
			name = Debug;
		};
		AB05A5C3296B238700CD7AAA /* Release */ = {
			isa = XCBuildConfiguration;
			buildSettings = {
				ASSETCATALOG_COMPILER_APPICON_NAME = AppIcon;
				ASSETCATALOG_COMPILER_GLOBAL_ACCENT_COLOR_NAME = AccentColor;
				CODE_SIGN_STYLE = Automatic;
				CURRENT_PROJECT_VERSION = 1;
				DEVELOPMENT_TEAM = MWZJ3A6CNJ;
				GENERATE_INFOPLIST_FILE = YES;
				INFOPLIST_FILE = Calculator/Info.plist;
				INFOPLIST_KEY_UIApplicationSupportsIndirectInputEvents = YES;
				INFOPLIST_KEY_UILaunchStoryboardName = LaunchScreen;
				INFOPLIST_KEY_UIMainStoryboardFile = Main;
				INFOPLIST_KEY_UISupportedInterfaceOrientations_iPad = "UIInterfaceOrientationPortrait UIInterfaceOrientationPortraitUpsideDown UIInterfaceOrientationLandscapeLeft UIInterfaceOrientationLandscapeRight";
				INFOPLIST_KEY_UISupportedInterfaceOrientations_iPhone = "UIInterfaceOrientationPortrait UIInterfaceOrientationLandscapeLeft UIInterfaceOrientationLandscapeRight";
				LD_RUNPATH_SEARCH_PATHS = (
					"$(inherited)",
					"@executable_path/Frameworks",
				);
				MARKETING_VERSION = 1.0;
				PRODUCT_BUNDLE_IDENTIFIER = ITI.Calculator;
				PRODUCT_NAME = "$(TARGET_NAME)";
				SWIFT_EMIT_LOC_STRINGS = YES;
				TARGETED_DEVICE_FAMILY = "1,2";
			};
			name = Release;
		};
		AB05A5C5296B238700CD7AAA /* Debug */ = {
			isa = XCBuildConfiguration;
			buildSettings = {
				BUNDLE_LOADER = "$(TEST_HOST)";
				CODE_SIGN_STYLE = Automatic;
				CURRENT_PROJECT_VERSION = 1;
				DEVELOPMENT_TEAM = MWZJ3A6CNJ;
				GENERATE_INFOPLIST_FILE = YES;
				IPHONEOS_DEPLOYMENT_TARGET = 16.2;
				MARKETING_VERSION = 1.0;
				PRODUCT_BUNDLE_IDENTIFIER = ITI.CalculatorTests;
				PRODUCT_NAME = "$(TARGET_NAME)";
				SWIFT_EMIT_LOC_STRINGS = NO;
				TARGETED_DEVICE_FAMILY = "1,2";
				TEST_HOST = "$(BUILT_PRODUCTS_DIR)/Calculator.app/$(BUNDLE_EXECUTABLE_FOLDER_PATH)/Calculator";
			};
			name = Debug;
		};
		AB05A5C6296B238700CD7AAA /* Release */ = {
			isa = XCBuildConfiguration;
			buildSettings = {
				BUNDLE_LOADER = "$(TEST_HOST)";
				CODE_SIGN_STYLE = Automatic;
				CURRENT_PROJECT_VERSION = 1;
				DEVELOPMENT_TEAM = MWZJ3A6CNJ;
				GENERATE_INFOPLIST_FILE = YES;
				IPHONEOS_DEPLOYMENT_TARGET = 16.2;
				MARKETING_VERSION = 1.0;
				PRODUCT_BUNDLE_IDENTIFIER = ITI.CalculatorTests;
				PRODUCT_NAME = "$(TARGET_NAME)";
				SWIFT_EMIT_LOC_STRINGS = NO;
				TARGETED_DEVICE_FAMILY = "1,2";
				TEST_HOST = "$(BUILT_PRODUCTS_DIR)/Calculator.app/$(BUNDLE_EXECUTABLE_FOLDER_PATH)/Calculator";
			};
			name = Release;
		};
		AB05A5C8296B238700CD7AAA /* Debug */ = {
			isa = XCBuildConfiguration;
			buildSettings = {
				CODE_SIGN_STYLE = Automatic;
				CURRENT_PROJECT_VERSION = 1;
				DEVELOPMENT_TEAM = MWZJ3A6CNJ;
				GENERATE_INFOPLIST_FILE = YES;
				MARKETING_VERSION = 1.0;
				PRODUCT_BUNDLE_IDENTIFIER = ITI.CalculatorUITests;
				PRODUCT_NAME = "$(TARGET_NAME)";
				SWIFT_EMIT_LOC_STRINGS = NO;
				TARGETED_DEVICE_FAMILY = "1,2";
				TEST_TARGET_NAME = Calculator;
			};
			name = Debug;
		};
		AB05A5C9296B238700CD7AAA /* Release */ = {
			isa = XCBuildConfiguration;
			buildSettings = {
				CODE_SIGN_STYLE = Automatic;
				CURRENT_PROJECT_VERSION = 1;
				DEVELOPMENT_TEAM = MWZJ3A6CNJ;
				GENERATE_INFOPLIST_FILE = YES;
				MARKETING_VERSION = 1.0;
				PRODUCT_BUNDLE_IDENTIFIER = ITI.CalculatorUITests;
				PRODUCT_NAME = "$(TARGET_NAME)";
				SWIFT_EMIT_LOC_STRINGS = NO;
				TARGETED_DEVICE_FAMILY = "1,2";
				TEST_TARGET_NAME = Calculator;
			};
			name = Release;
		};
/* End XCBuildConfiguration section */

/* Begin XCConfigurationList section */
		AB05A58D296B238400CD7AAA /* Build configuration list for PBXProject "Calculator" */ = {
			isa = XCConfigurationList;
			buildConfigurations = (
				AB05A5BF296B238700CD7AAA /* Debug */,
				AB05A5C0296B238700CD7AAA /* Release */,
			);
			defaultConfigurationIsVisible = 0;
			defaultConfigurationName = Release;
		};
		AB05A5C1296B238700CD7AAA /* Build configuration list for PBXNativeTarget "Calculator" */ = {
			isa = XCConfigurationList;
			buildConfigurations = (
				AB05A5C2296B238700CD7AAA /* Debug */,
				AB05A5C3296B238700CD7AAA /* Release */,
			);
			defaultConfigurationIsVisible = 0;
			defaultConfigurationName = Release;
		};
		AB05A5C4296B238700CD7AAA /* Build configuration list for PBXNativeTarget "CalculatorTests" */ = {
			isa = XCConfigurationList;
			buildConfigurations = (
				AB05A5C5296B238700CD7AAA /* Debug */,
				AB05A5C6296B238700CD7AAA /* Release */,
			);
			defaultConfigurationIsVisible = 0;
			defaultConfigurationName = Release;
		};
		AB05A5C7296B238700CD7AAA /* Build configuration list for PBXNativeTarget "CalculatorUITests" */ = {
			isa = XCConfigurationList;
			buildConfigurations = (
				AB05A5C8296B238700CD7AAA /* Debug */,
				AB05A5C9296B238700CD7AAA /* Release */,
			);
			defaultConfigurationIsVisible = 0;
			defaultConfigurationName = Release;
		};
/* End XCConfigurationList section */
	};
	rootObject = AB05A58A296B238400CD7AAA /* Project object */;
}
